// !$*UTF8*$!
{
	archiveVersion = 1;
	classes = {
	};
	objectVersion = 46;
	objects = {

/* Begin PBXBuildFile section */
		209DF5A7D9010549BDE874D3 /* Pods_swifty_companion.framework in Frameworks */ = {isa = PBXBuildFile; fileRef = 641EB617D983888DADDCF715 /* Pods_swifty_companion.framework */; };
		460F25C41F06F4280096B32F /* info.swift in Sources */ = {isa = PBXBuildFile; fileRef = 460F25C31F06F4280096B32F /* info.swift */; };
		462CABA41F09AE5400BEB93D /* ProjetViewController.swift in Sources */ = {isa = PBXBuildFile; fileRef = 462CABA31F09AE5400BEB93D /* ProjetViewController.swift */; };
		462CABA61F09AE6200BEB93D /* SkillViewController.swift in Sources */ = {isa = PBXBuildFile; fileRef = 462CABA51F09AE6200BEB93D /* SkillViewController.swift */; };
		462CABA81F09B26500BEB93D /* SkillTVC.swift in Sources */ = {isa = PBXBuildFile; fileRef = 462CABA71F09B26500BEB93D /* SkillTVC.swift */; };
		462CABAA1F09B27700BEB93D /* ProjetTVC.swift in Sources */ = {isa = PBXBuildFile; fileRef = 462CABA91F09B27700BEB93D /* ProjetTVC.swift */; };
		464209DF1F0AF73F00E847C9 /* Piscine.swift in Sources */ = {isa = PBXBuildFile; fileRef = 464209DE1F0AF73F00E847C9 /* Piscine.swift */; };
		464209E11F0AF7FD00E847C9 /* ExpandedTableView.swift in Sources */ = {isa = PBXBuildFile; fileRef = 464209E01F0AF7FC00E847C9 /* ExpandedTableView.swift */; };
		464209E31F0BD39E00E847C9 /* Section.swift in Sources */ = {isa = PBXBuildFile; fileRef = 464209E21F0BD39E00E847C9 /* Section.swift */; };
		469A48FB1F0D2FC700656D43 /* PiscineVC.swift in Sources */ = {isa = PBXBuildFile; fileRef = 469A48FA1F0D2FC700656D43 /* PiscineVC.swift */; };
		469A48FD1F0D3F4C00656D43 /* PiscineTableViewCell.swift in Sources */ = {isa = PBXBuildFile; fileRef = 469A48FC1F0D3F4C00656D43 /* PiscineTableViewCell.swift */; };
		742DA8961F03E6DD00056B97 /* ProjectTableViewCell.swift in Sources */ = {isa = PBXBuildFile; fileRef = 742DA8951F03E6DD00056B97 /* ProjectTableViewCell.swift */; };
		74639BCB1F0115A500B05777 /* AppDelegate.swift in Sources */ = {isa = PBXBuildFile; fileRef = 74639BCA1F0115A500B05777 /* AppDelegate.swift */; };
		74639BCD1F0115A500B05777 /* ViewController.swift in Sources */ = {isa = PBXBuildFile; fileRef = 74639BCC1F0115A500B05777 /* ViewController.swift */; };
		74639BD01F0115A500B05777 /* Main.storyboard in Resources */ = {isa = PBXBuildFile; fileRef = 74639BCE1F0115A500B05777 /* Main.storyboard */; };
		74639BD51F0115A500B05777 /* Assets.xcassets in Resources */ = {isa = PBXBuildFile; fileRef = 74639BD41F0115A500B05777 /* Assets.xcassets */; };
		74639BD81F0115A500B05777 /* LaunchScreen.storyboard in Resources */ = {isa = PBXBuildFile; fileRef = 74639BD61F0115A500B05777 /* LaunchScreen.storyboard */; };
		748F09961F042D2000A6CBB9 /* SkillTableViewCell.swift in Sources */ = {isa = PBXBuildFile; fileRef = 748F09951F042D2000A6CBB9 /* SkillTableViewCell.swift */; };
		74AFF5CE1F025A0E000BCFE0 /* SearchViewController.swift in Sources */ = {isa = PBXBuildFile; fileRef = 74AFF5CD1F025A0E000BCFE0 /* SearchViewController.swift */; };
		74AFF5D01F025A1F000BCFE0 /* LoginViewController.swift in Sources */ = {isa = PBXBuildFile; fileRef = 74AFF5CF1F025A1F000BCFE0 /* LoginViewController.swift */; };
/* End PBXBuildFile section */

/* Begin PBXFileReference section */
		0F31D06509AB1E8533BFF77D /* Pods-swifty_companion.debug.xcconfig */ = {isa = PBXFileReference; includeInIndex = 1; lastKnownFileType = text.xcconfig; name = "Pods-swifty_companion.debug.xcconfig"; path = "Pods/Target Support Files/Pods-swifty_companion/Pods-swifty_companion.debug.xcconfig"; sourceTree = "<group>"; };
		460F25C31F06F4280096B32F /* info.swift */ = {isa = PBXFileReference; fileEncoding = 4; lastKnownFileType = sourcecode.swift; path = info.swift; sourceTree = "<group>"; };
		462CABA31F09AE5400BEB93D /* ProjetViewController.swift */ = {isa = PBXFileReference; fileEncoding = 4; lastKnownFileType = sourcecode.swift; path = ProjetViewController.swift; sourceTree = "<group>"; };
		462CABA51F09AE6200BEB93D /* SkillViewController.swift */ = {isa = PBXFileReference; fileEncoding = 4; lastKnownFileType = sourcecode.swift; path = SkillViewController.swift; sourceTree = "<group>"; };
		462CABA71F09B26500BEB93D /* SkillTVC.swift */ = {isa = PBXFileReference; fileEncoding = 4; lastKnownFileType = sourcecode.swift; path = SkillTVC.swift; sourceTree = "<group>"; };
		462CABA91F09B27700BEB93D /* ProjetTVC.swift */ = {isa = PBXFileReference; fileEncoding = 4; lastKnownFileType = sourcecode.swift; path = ProjetTVC.swift; sourceTree = "<group>"; };
		464209DE1F0AF73F00E847C9 /* Piscine.swift */ = {isa = PBXFileReference; fileEncoding = 4; lastKnownFileType = sourcecode.swift; path = Piscine.swift; sourceTree = "<group>"; };
		464209E01F0AF7FC00E847C9 /* ExpandedTableView.swift */ = {isa = PBXFileReference; fileEncoding = 4; lastKnownFileType = sourcecode.swift; path = ExpandedTableView.swift; sourceTree = "<group>"; };
		464209E21F0BD39E00E847C9 /* Section.swift */ = {isa = PBXFileReference; fileEncoding = 4; lastKnownFileType = sourcecode.swift; path = Section.swift; sourceTree = "<group>"; };
		469A48FA1F0D2FC700656D43 /* PiscineVC.swift */ = {isa = PBXFileReference; fileEncoding = 4; lastKnownFileType = sourcecode.swift; path = PiscineVC.swift; sourceTree = "<group>"; };
		469A48FC1F0D3F4C00656D43 /* PiscineTableViewCell.swift */ = {isa = PBXFileReference; fileEncoding = 4; lastKnownFileType = sourcecode.swift; path = PiscineTableViewCell.swift; sourceTree = "<group>"; };
		641EB617D983888DADDCF715 /* Pods_swifty_companion.framework */ = {isa = PBXFileReference; explicitFileType = wrapper.framework; includeInIndex = 0; path = Pods_swifty_companion.framework; sourceTree = BUILT_PRODUCTS_DIR; };
		742DA8951F03E6DD00056B97 /* ProjectTableViewCell.swift */ = {isa = PBXFileReference; fileEncoding = 4; lastKnownFileType = sourcecode.swift; path = ProjectTableViewCell.swift; sourceTree = "<group>"; };
		74639BC71F0115A500B05777 /* swifty_companion.app */ = {isa = PBXFileReference; explicitFileType = wrapper.application; includeInIndex = 0; path = swifty_companion.app; sourceTree = BUILT_PRODUCTS_DIR; };
		74639BCA1F0115A500B05777 /* AppDelegate.swift */ = {isa = PBXFileReference; lastKnownFileType = sourcecode.swift; path = AppDelegate.swift; sourceTree = "<group>"; };
		74639BCC1F0115A500B05777 /* ViewController.swift */ = {isa = PBXFileReference; lastKnownFileType = sourcecode.swift; path = ViewController.swift; sourceTree = "<group>"; };
		74639BCF1F0115A500B05777 /* Base */ = {isa = PBXFileReference; lastKnownFileType = file.storyboard; name = Base; path = Base.lproj/Main.storyboard; sourceTree = "<group>"; };
		74639BD41F0115A500B05777 /* Assets.xcassets */ = {isa = PBXFileReference; lastKnownFileType = folder.assetcatalog; path = Assets.xcassets; sourceTree = "<group>"; };
		74639BD71F0115A500B05777 /* Base */ = {isa = PBXFileReference; lastKnownFileType = file.storyboard; name = Base; path = Base.lproj/LaunchScreen.storyboard; sourceTree = "<group>"; };
		74639BD91F0115A500B05777 /* Info.plist */ = {isa = PBXFileReference; lastKnownFileType = text.plist.xml; path = Info.plist; sourceTree = "<group>"; };
		748F09951F042D2000A6CBB9 /* SkillTableViewCell.swift */ = {isa = PBXFileReference; fileEncoding = 4; lastKnownFileType = sourcecode.swift; path = SkillTableViewCell.swift; sourceTree = "<group>"; };
		74AFF5CD1F025A0E000BCFE0 /* SearchViewController.swift */ = {isa = PBXFileReference; fileEncoding = 4; lastKnownFileType = sourcecode.swift; path = SearchViewController.swift; sourceTree = "<group>"; };
		74AFF5CF1F025A1F000BCFE0 /* LoginViewController.swift */ = {isa = PBXFileReference; fileEncoding = 4; lastKnownFileType = sourcecode.swift; path = LoginViewController.swift; sourceTree = "<group>"; };
		9CA93D3ACD0F7A992B238168 /* Pods-swifty_companion.release.xcconfig */ = {isa = PBXFileReference; includeInIndex = 1; lastKnownFileType = text.xcconfig; name = "Pods-swifty_companion.release.xcconfig"; path = "Pods/Target Support Files/Pods-swifty_companion/Pods-swifty_companion.release.xcconfig"; sourceTree = "<group>"; };
/* End PBXFileReference section */

/* Begin PBXFrameworksBuildPhase section */
		74639BC41F0115A500B05777 /* Frameworks */ = {
			isa = PBXFrameworksBuildPhase;
			buildActionMask = 2147483647;
			files = (
				209DF5A7D9010549BDE874D3 /* Pods_swifty_companion.framework in Frameworks */,
			);
			runOnlyForDeploymentPostprocessing = 0;
		};
/* End PBXFrameworksBuildPhase section */

/* Begin PBXGroup section */
		464209E41F0C082A00E847C9 /* primaryViews */ = {
			isa = PBXGroup;
			children = (
				464209E91F0C09BD00E847C9 /* TVC */,
				464209E81F0C09A800E847C9 /* VC */,
			);
			name = primaryViews;
			sourceTree = "<group>";
		};
		464209E51F0C086200E847C9 /* secondaryViews */ = {
			isa = PBXGroup;
			children = (
				464209E71F0C098400E847C9 /* TVC */,
				464209E61F0C097100E847C9 /* VC */,
				464209E21F0BD39E00E847C9 /* Section.swift */,
				464209E01F0AF7FC00E847C9 /* ExpandedTableView.swift */,
				464209DE1F0AF73F00E847C9 /* Piscine.swift */,
			);
			name = secondaryViews;
			sourceTree = "<group>";
		};
		464209E61F0C097100E847C9 /* VC */ = {
			isa = PBXGroup;
			children = (
				462CABA51F09AE6200BEB93D /* SkillViewController.swift */,
				462CABA31F09AE5400BEB93D /* ProjetViewController.swift */,
				469A48FA1F0D2FC700656D43 /* PiscineVC.swift */,
			);
			name = VC;
			sourceTree = "<group>";
		};
		464209E71F0C098400E847C9 /* TVC */ = {
			isa = PBXGroup;
			children = (
				462CABA71F09B26500BEB93D /* SkillTVC.swift */,
				462CABA91F09B27700BEB93D /* ProjetTVC.swift */,
				469A48FC1F0D3F4C00656D43 /* PiscineTableViewCell.swift */,
			);
			name = TVC;
			sourceTree = "<group>";
		};
		464209E81F0C09A800E847C9 /* VC */ = {
			isa = PBXGroup;
			children = (
				74639BCC1F0115A500B05777 /* ViewController.swift */,
				74AFF5CF1F025A1F000BCFE0 /* LoginViewController.swift */,
				74AFF5CD1F025A0E000BCFE0 /* SearchViewController.swift */,
			);
			name = VC;
			sourceTree = "<group>";
		};
		464209E91F0C09BD00E847C9 /* TVC */ = {
			isa = PBXGroup;
			children = (
				748F09951F042D2000A6CBB9 /* SkillTableViewCell.swift */,
				742DA8951F03E6DD00056B97 /* ProjectTableViewCell.swift */,
			);
			name = TVC;
			sourceTree = "<group>";
		};
		4E0DF4EF6453B71859A5FAF2 /* Pods */ = {
			isa = PBXGroup;
			children = (
				0F31D06509AB1E8533BFF77D /* Pods-swifty_companion.debug.xcconfig */,
				9CA93D3ACD0F7A992B238168 /* Pods-swifty_companion.release.xcconfig */,
			);
			name = Pods;
			sourceTree = "<group>";
		};
		74639BBE1F0115A500B05777 = {
			isa = PBXGroup;
			children = (
				74639BC91F0115A500B05777 /* swifty_companion */,
				74639BC81F0115A500B05777 /* Products */,
				4E0DF4EF6453B71859A5FAF2 /* Pods */,
				92044F3F5160037E5ED96F7D /* Frameworks */,
			);
			sourceTree = "<group>";
		};
		74639BC81F0115A500B05777 /* Products */ = {
			isa = PBXGroup;
			children = (
				74639BC71F0115A500B05777 /* swifty_companion.app */,
			);
			name = Products;
			sourceTree = "<group>";
		};
		74639BC91F0115A500B05777 /* swifty_companion */ = {
			isa = PBXGroup;
			children = (
				464209E51F0C086200E847C9 /* secondaryViews */,
				464209E41F0C082A00E847C9 /* primaryViews */,
				74639BCA1F0115A500B05777 /* AppDelegate.swift */,
				74639BCE1F0115A500B05777 /* Main.storyboard */,
				74639BD41F0115A500B05777 /* Assets.xcassets */,
				74639BD61F0115A500B05777 /* LaunchScreen.storyboard */,
				74639BD91F0115A500B05777 /* Info.plist */,
				460F25C31F06F4280096B32F /* info.swift */,
			);
			path = swifty_companion;
			sourceTree = "<group>";
		};
		92044F3F5160037E5ED96F7D /* Frameworks */ = {
			isa = PBXGroup;
			children = (
				641EB617D983888DADDCF715 /* Pods_swifty_companion.framework */,
			);
			name = Frameworks;
			sourceTree = "<group>";
		};
/* End PBXGroup section */

/* Begin PBXNativeTarget section */
		74639BC61F0115A500B05777 /* swifty_companion */ = {
			isa = PBXNativeTarget;
			buildConfigurationList = 74639BDC1F0115A500B05777 /* Build configuration list for PBXNativeTarget "swifty_companion" */;
			buildPhases = (
				4E8360FDA46FC085FE2B9582 /* [CP] Check Pods Manifest.lock */,
				74639BC31F0115A500B05777 /* Sources */,
				74639BC41F0115A500B05777 /* Frameworks */,
				74639BC51F0115A500B05777 /* Resources */,
				0321923F4095A0B6590752E1 /* [CP] Embed Pods Frameworks */,
				E723FCCBF2FDC9A9F7C27119 /* [CP] Copy Pods Resources */,
			);
			buildRules = (
			);
			dependencies = (
			);
			name = swifty_companion;
			productName = swifty_companion;
			productReference = 74639BC71F0115A500B05777 /* swifty_companion.app */;
			productType = "com.apple.product-type.application";
		};
/* End PBXNativeTarget section */

/* Begin PBXProject section */
		74639BBF1F0115A500B05777 /* Project object */ = {
			isa = PBXProject;
			attributes = {
				LastSwiftUpdateCheck = 0820;
				LastUpgradeCheck = 0820;
				ORGANIZATIONNAME = "Eren OZDEK";
				TargetAttributes = {
					74639BC61F0115A500B05777 = {
						CreatedOnToolsVersion = 8.2.1;
						DevelopmentTeam = 9U8HD2VN5G;
						ProvisioningStyle = Automatic;
					};
				};
			};
			buildConfigurationList = 74639BC21F0115A500B05777 /* Build configuration list for PBXProject "swifty_companion" */;
			compatibilityVersion = "Xcode 3.2";
			developmentRegion = English;
			hasScannedForEncodings = 0;
			knownRegions = (
				en,
				Base,
			);
			mainGroup = 74639BBE1F0115A500B05777;
			productRefGroup = 74639BC81F0115A500B05777 /* Products */;
			projectDirPath = "";
			projectRoot = "";
			targets = (
				74639BC61F0115A500B05777 /* swifty_companion */,
			);
		};
/* End PBXProject section */

/* Begin PBXResourcesBuildPhase section */
		74639BC51F0115A500B05777 /* Resources */ = {
			isa = PBXResourcesBuildPhase;
			buildActionMask = 2147483647;
			files = (
				74639BD81F0115A500B05777 /* LaunchScreen.storyboard in Resources */,
				74639BD51F0115A500B05777 /* Assets.xcassets in Resources */,
				74639BD01F0115A500B05777 /* Main.storyboard in Resources */,
			);
			runOnlyForDeploymentPostprocessing = 0;
		};
/* End PBXResourcesBuildPhase section */

/* Begin PBXShellScriptBuildPhase section */
		0321923F4095A0B6590752E1 /* [CP] Embed Pods Frameworks */ = {
			isa = PBXShellScriptBuildPhase;
			buildActionMask = 2147483647;
			files = (
			);
			inputPaths = (
			);
			name = "[CP] Embed Pods Frameworks";
			outputPaths = (
			);
			runOnlyForDeploymentPostprocessing = 0;
			shellPath = /bin/sh;
			shellScript = "\"${SRCROOT}/Pods/Target Support Files/Pods-swifty_companion/Pods-swifty_companion-frameworks.sh\"\n";
			showEnvVarsInLog = 0;
		};
		4E8360FDA46FC085FE2B9582 /* [CP] Check Pods Manifest.lock */ = {
			isa = PBXShellScriptBuildPhase;
			buildActionMask = 2147483647;
			files = (
			);
			inputPaths = (
			);
			name = "[CP] Check Pods Manifest.lock";
			outputPaths = (
			);
			runOnlyForDeploymentPostprocessing = 0;
			shellPath = /bin/sh;
			shellScript = "diff \"${PODS_PODFILE_DIR_PATH}/Podfile.lock\" \"${PODS_ROOT}/Manifest.lock\" > /dev/null\nif [ $? != 0 ] ; then\n    # print error to STDERR\n    echo \"error: The sandbox is not in sync with the Podfile.lock. Run 'pod install' or update your CocoaPods installation.\" >&2\n    exit 1\nfi\n";
			showEnvVarsInLog = 0;
		};
		E723FCCBF2FDC9A9F7C27119 /* [CP] Copy Pods Resources */ = {
			isa = PBXShellScriptBuildPhase;
			buildActionMask = 2147483647;
			files = (
			);
			inputPaths = (
			);
			name = "[CP] Copy Pods Resources";
			outputPaths = (
			);
			runOnlyForDeploymentPostprocessing = 0;
			shellPath = /bin/sh;
			shellScript = "\"${SRCROOT}/Pods/Target Support Files/Pods-swifty_companion/Pods-swifty_companion-resources.sh\"\n";
			showEnvVarsInLog = 0;
		};
/* End PBXShellScriptBuildPhase section */

/* Begin PBXSourcesBuildPhase section */
		74639BC31F0115A500B05777 /* Sources */ = {
			isa = PBXSourcesBuildPhase;
			buildActionMask = 2147483647;
			files = (
				462CABA41F09AE5400BEB93D /* ProjetViewController.swift in Sources */,
				460F25C41F06F4280096B32F /* info.swift in Sources */,
				742DA8961F03E6DD00056B97 /* ProjectTableViewCell.swift in Sources */,
				469A48FD1F0D3F4C00656D43 /* PiscineTableViewCell.swift in Sources */,
				464209E31F0BD39E00E847C9 /* Section.swift in Sources */,
				469A48FB1F0D2FC700656D43 /* PiscineVC.swift in Sources */,
				74639BCD1F0115A500B05777 /* ViewController.swift in Sources */,
				462CABA61F09AE6200BEB93D /* SkillViewController.swift in Sources */,
				74AFF5CE1F025A0E000BCFE0 /* SearchViewController.swift in Sources */,
				464209E11F0AF7FD00E847C9 /* ExpandedTableView.swift in Sources */,
				74AFF5D01F025A1F000BCFE0 /* LoginViewController.swift in Sources */,
				462CABAA1F09B27700BEB93D /* ProjetTVC.swift in Sources */,
				462CABA81F09B26500BEB93D /* SkillTVC.swift in Sources */,
				748F09961F042D2000A6CBB9 /* SkillTableViewCell.swift in Sources */,
				74639BCB1F0115A500B05777 /* AppDelegate.swift in Sources */,
				464209DF1F0AF73F00E847C9 /* Piscine.swift in Sources */,
			);
			runOnlyForDeploymentPostprocessing = 0;
		};
/* End PBXSourcesBuildPhase section */

/* Begin PBXVariantGroup section */
		74639BCE1F0115A500B05777 /* Main.storyboard */ = {
			isa = PBXVariantGroup;
			children = (
				74639BCF1F0115A500B05777 /* Base */,
			);
			name = Main.storyboard;
			sourceTree = "<group>";
		};
		74639BD61F0115A500B05777 /* LaunchScreen.storyboard */ = {
			isa = PBXVariantGroup;
			children = (
				74639BD71F0115A500B05777 /* Base */,
			);
			name = LaunchScreen.storyboard;
			sourceTree = "<group>";
		};
/* End PBXVariantGroup section */

/* Begin XCBuildConfiguration section */
		74639BDA1F0115A500B05777 /* Debug */ = {
			isa = XCBuildConfiguration;
			buildSettings = {
				ALWAYS_SEARCH_USER_PATHS = NO;
				CLANG_ANALYZER_NONNULL = YES;
				CLANG_CXX_LANGUAGE_STANDARD = "gnu++0x";
				CLANG_CXX_LIBRARY = "libc++";
				CLANG_ENABLE_MODULES = YES;
				CLANG_ENABLE_OBJC_ARC = YES;
				CLANG_WARN_BOOL_CONVERSION = YES;
				CLANG_WARN_CONSTANT_CONVERSION = YES;
				CLANG_WARN_DIRECT_OBJC_ISA_USAGE = YES_ERROR;
				CLANG_WARN_DOCUMENTATION_COMMENTS = YES;
				CLANG_WARN_EMPTY_BODY = YES;
				CLANG_WARN_ENUM_CONVERSION = YES;
				CLANG_WARN_INFINITE_RECURSION = YES;
				CLANG_WARN_INT_CONVERSION = YES;
				CLANG_WARN_OBJC_ROOT_CLASS = YES_ERROR;
				CLANG_WARN_SUSPICIOUS_MOVE = YES;
				CLANG_WARN_UNREACHABLE_CODE = YES;
				CLANG_WARN__DUPLICATE_METHOD_MATCH = YES;
				"CODE_SIGN_IDENTITY[sdk=iphoneos*]" = "iPhone Developer";
				COPY_PHASE_STRIP = NO;
				DEBUG_INFORMATION_FORMAT = dwarf;
				ENABLE_STRICT_OBJC_MSGSEND = YES;
				ENABLE_TESTABILITY = YES;
				GCC_C_LANGUAGE_STANDARD = gnu99;
				GCC_DYNAMIC_NO_PIC = NO;
				GCC_NO_COMMON_BLOCKS = YES;
				GCC_OPTIMIZATION_LEVEL = 0;
				GCC_PREPROCESSOR_DEFINITIONS = (
					"DEBUG=1",
					"$(inherited)",
				);
				GCC_WARN_64_TO_32_BIT_CONVERSION = YES;
				GCC_WARN_ABOUT_RETURN_TYPE = YES_ERROR;
				GCC_WARN_UNDECLARED_SELECTOR = YES;
				GCC_WARN_UNINITIALIZED_AUTOS = YES_AGGRESSIVE;
				GCC_WARN_UNUSED_FUNCTION = YES;
				GCC_WARN_UNUSED_VARIABLE = YES;
				IPHONEOS_DEPLOYMENT_TARGET = 10.2;
				MTL_ENABLE_DEBUG_INFO = YES;
				ONLY_ACTIVE_ARCH = YES;
				SDKROOT = iphoneos;
				SWIFT_ACTIVE_COMPILATION_CONDITIONS = DEBUG;
				SWIFT_OPTIMIZATION_LEVEL = "-Onone";
				TARGETED_DEVICE_FAMILY = "1,2";
			};
			name = Debug;
		};
		74639BDB1F0115A500B05777 /* Release */ = {
			isa = XCBuildConfiguration;
			buildSettings = {
				ALWAYS_SEARCH_USER_PATHS = NO;
				CLANG_ANALYZER_NONNULL = YES;
				CLANG_CXX_LANGUAGE_STANDARD = "gnu++0x";
				CLANG_CXX_LIBRARY = "libc++";
				CLANG_ENABLE_MODULES = YES;
				CLANG_ENABLE_OBJC_ARC = YES;
				CLANG_WARN_BOOL_CONVERSION = YES;
				CLANG_WARN_CONSTANT_CONVERSION = YES;
				CLANG_WARN_DIRECT_OBJC_ISA_USAGE = YES_ERROR;
				CLANG_WARN_DOCUMENTATION_COMMENTS = YES;
				CLANG_WARN_EMPTY_BODY = YES;
				CLANG_WARN_ENUM_CONVERSION = YES;
				CLANG_WARN_INFINITE_RECURSION = YES;
				CLANG_WARN_INT_CONVERSION = YES;
				CLANG_WARN_OBJC_ROOT_CLASS = YES_ERROR;
				CLANG_WARN_SUSPICIOUS_MOVE = YES;
				CLANG_WARN_UNREACHABLE_CODE = YES;
				CLANG_WARN__DUPLICATE_METHOD_MATCH = YES;
				"CODE_SIGN_IDENTITY[sdk=iphoneos*]" = "iPhone Developer";
				COPY_PHASE_STRIP = NO;
				DEBUG_INFORMATION_FORMAT = "dwarf-with-dsym";
				ENABLE_NS_ASSERTIONS = NO;
				ENABLE_STRICT_OBJC_MSGSEND = YES;
				GCC_C_LANGUAGE_STANDARD = gnu99;
				GCC_NO_COMMON_BLOCKS = YES;
				GCC_WARN_64_TO_32_BIT_CONVERSION = YES;
				GCC_WARN_ABOUT_RETURN_TYPE = YES_ERROR;
				GCC_WARN_UNDECLARED_SELECTOR = YES;
				GCC_WARN_UNINITIALIZED_AUTOS = YES_AGGRESSIVE;
				GCC_WARN_UNUSED_FUNCTION = YES;
				GCC_WARN_UNUSED_VARIABLE = YES;
				IPHONEOS_DEPLOYMENT_TARGET = 10.2;
				MTL_ENABLE_DEBUG_INFO = NO;
				SDKROOT = iphoneos;
				SWIFT_OPTIMIZATION_LEVEL = "-Owholemodule";
				TARGETED_DEVICE_FAMILY = "1,2";
				VALIDATE_PRODUCT = YES;
			};
			name = Release;
		};
		74639BDD1F0115A500B05777 /* Debug */ = {
			isa = XCBuildConfiguration;
			baseConfigurationReference = 0F31D06509AB1E8533BFF77D /* Pods-swifty_companion.debug.xcconfig */;
			buildSettings = {
				ASSETCATALOG_COMPILER_APPICON_NAME = AppIcon;
				DEVELOPMENT_TEAM = 9U8HD2VN5G;
				INFOPLIST_FILE = swifty_companion/Info.plist;
				LD_RUNPATH_SEARCH_PATHS = "$(inherited) @executable_path/Frameworks";
				PRODUCT_BUNDLE_IDENTIFIER = "eozdek.swifty-companion";
				PRODUCT_NAME = "$(TARGET_NAME)";
				SWIFT_VERSION = 3.0;
			};
			name = Debug;
		};
		74639BDE1F0115A500B05777 /* Release */ = {
			isa = XCBuildConfiguration;
			baseConfigurationReference = 9CA93D3ACD0F7A992B238168 /* Pods-swifty_companion.release.xcconfig */;
			buildSettings = {
				ASSETCATALOG_COMPILER_APPICON_NAME = AppIcon;
				DEVELOPMENT_TEAM = 9U8HD2VN5G;
				INFOPLIST_FILE = swifty_companion/Info.plist;
				LD_RUNPATH_SEARCH_PATHS = "$(inherited) @executable_path/Frameworks";
				PRODUCT_BUNDLE_IDENTIFIER = "eozdek.swifty-companion";
				PRODUCT_NAME = "$(TARGET_NAME)";
				SWIFT_VERSION = 3.0;
			};
			name = Release;
		};
/* End XCBuildConfiguration section */

/* Begin XCConfigurationList section */
		74639BC21F0115A500B05777 /* Build configuration list for PBXProject "swifty_companion" */ = {
			isa = XCConfigurationList;
			buildConfigurations = (
				74639BDA1F0115A500B05777 /* Debug */,
				74639BDB1F0115A500B05777 /* Release */,
			);
			defaultConfigurationIsVisible = 0;
			defaultConfigurationName = Release;
		};
		74639BDC1F0115A500B05777 /* Build configuration list for PBXNativeTarget "swifty_companion" */ = {
			isa = XCConfigurationList;
			buildConfigurations = (
				74639BDD1F0115A500B05777 /* Debug */,
				74639BDE1F0115A500B05777 /* Release */,
			);
			defaultConfigurationIsVisible = 0;
			defaultConfigurationName = Release;
		};
/* End XCConfigurationList section */
	};
	rootObject = 74639BBF1F0115A500B05777 /* Project object */;
}
